
Microsoft Visual Studio Solution File, Format Version 12.00
# Visual Studio Version 17
VisualStudioVersion = 17.10.35013.160
MinimumVisualStudioVersion = 10.0.40219.1
Project("{FAE04EC0-301F-11D3-BF4B-00C04F79EFBC}") = "GestorDeSolicitudes", "GestorDeSolicitudes\GestorDeSolicitudes.csproj", "{F342045A-7010-463B-A99D-7E4F04D64C7A}"
EndProject
Global
	GlobalSection(SolutionConfigurationPlatforms) = preSolution
		Debug|Any CPU = Debug|Any CPU
		Release|Any CPU = Release|Any CPU
	EndGlobalSection
	GlobalSection(ProjectConfigurationPlatforms) = postSolution
		{F342045A-7010-463B-A99D-7E4F04D64C7A}.Debug|Any CPU.ActiveCfg = Debug|Any CPU
		{F342045A-7010-463B-A99D-7E4F04D64C7A}.Debug|Any CPU.Build.0 = Debug|Any CPU
		{F342045A-7010-463B-A99D-7E4F04D64C7A}.Release|Any CPU.ActiveCfg = Release|Any CPU
		{F342045A-7010-463B-A99D-7E4F04D64C7A}.Release|Any CPU.Build.0 = Release|Any CPU
	EndGlobalSection
	GlobalSection(SolutionProperties) = preSolution
		HideSolutionNode = FALSE
	EndGlobalSection
	GlobalSection(ExtensibilityGlobals) = postSolution
		SolutionGuid = {3EFE5DCF-1043-4225-BBEE-0661389B2488}
	EndGlobalSection
EndGlobal
